{
    "_meta": {
        "hash": {
            "sha256": "b3c97fb39c0d8b71b0e7761b0f29ca357f118e2297942edf3aaea55db988da6c"
        },
        "pipfile-spec": 6,
        "requires": {},
        "sources": [
            {
                "name": "pypi",
                "url": "https://pypi.python.org/simple",
                "verify_ssl": true
            }
        ]
    },
    "default": {
        "argparse": {
            "hashes": [
                "sha256:62b089a55be1d8949cd2bc7e0df0bddb9e028faefc8c32038cc84862aefdd6e4",
                "sha256:c31647edb69fd3d465a847ea3157d37bed1f95f19760b11a47aa91c04b666314"
            ],
            "version": "==1.4.0"
        },
        "aylien-apiclient": {
            "hashes": [
                "sha256:d3b053e7a12b169828dc1e3c1f47e5fa0c6c54c6cd851c1a2ab867a7723682b6"
            ],
            "index": "pypi",
            "version": "==0.7.0"
        },
        "certifi": {
            "hashes": [
                "sha256:1a4995114262bffbc2413b159f2a1a480c969de6e6eb13ee966d470af86af59c",
                "sha256:719a74fb9e33b9bd44cc7f3a8d94bc35e4049deebe19ba7d8e108280cfd59830"
            ],
            "version": "==2020.12.5"
        },
        "chardet": {
            "hashes": [
                "sha256:84ab92ed1c4d4f16916e05906b6b75a6c0fb5db821cc65e70cbd64a3e2a5eaae",
                "sha256:fc323ffcaeaed0e0a02bf4d117757b98aed530d9ed4531e3e15460124c106691"
            ],
            "version": "==3.0.4"
        },
        "coverage": {
            "hashes": [
                "sha256:03481e81d558d30d230bc12999e3edffe392d244349a90f4ef9b88425fac74ba",
                "sha256:0b136648de27201056c1869a6c0d4e23f464750fd9a9ba9750b8336a244429ed",
                "sha256:0bf8cbbd71adfff0ef1f3a1531e6402d13b7b01ac50a79c97ca15f030dba6306",
                "sha256:10a46017fef60e16694a30627319f38a2b9b52e90182dddb6e37dcdab0f4bf95",
                "sha256:198626739a79b09fa0a2f06e083ffd12eb55449b5f8bfdbeed1df4910b2ca640",
                "sha256:23d341cdd4a0371820eb2b0bd6b88f5003a7438bbedb33688cd33b8eae59affd",
                "sha256:28b2191e7283f4f3568962e373b47ef7f0392993bb6660d079c62bd50fe9d162",
                "sha256:2a5b73210bad5279ddb558d9a2bfedc7f4bf6ad7f3c988641d83c40293deaec1",
                "sha256:2eb564bbf7816a9d68dd3369a510be3327f1c618d2357fa6b1216994c2e3d508",
                "sha256:337ded681dd2ef9ca04ef5d93cfc87e52e09db2594c296b4a0a3662cb1b41249",
                "sha256:3a2184c6d797a125dca8367878d3b9a178b6fdd05fdc2d35d758c3006a1cd694",
                "sha256:3c79a6f7b95751cdebcd9037e4d06f8d5a9b60e4ed0cd231342aa8ad7124882a",
                "sha256:3d72c20bd105022d29b14a7d628462ebdc61de2f303322c0212a054352f3b287",
                "sha256:3eb42bf89a6be7deb64116dd1cc4b08171734d721e7a7e57ad64cc4ef29ed2f1",
                "sha256:4635a184d0bbe537aa185a34193898eee409332a8ccb27eea36f262566585000",
                "sha256:56e448f051a201c5ebbaa86a5efd0ca90d327204d8b059ab25ad0f35fbfd79f1",
                "sha256:5a13ea7911ff5e1796b6d5e4fbbf6952381a611209b736d48e675c2756f3f74e",
                "sha256:69bf008a06b76619d3c3f3b1983f5145c75a305a0fea513aca094cae5c40a8f5",
                "sha256:6bc583dc18d5979dc0f6cec26a8603129de0304d5ae1f17e57a12834e7235062",
                "sha256:701cd6093d63e6b8ad7009d8a92425428bc4d6e7ab8d75efbb665c806c1d79ba",
                "sha256:7608a3dd5d73cb06c531b8925e0ef8d3de31fed2544a7de6c63960a1e73ea4bc",
                "sha256:76ecd006d1d8f739430ec50cc872889af1f9c1b6b8f48e29941814b09b0fd3cc",
                "sha256:7aa36d2b844a3e4a4b356708d79fd2c260281a7390d678a10b91ca595ddc9e99",
                "sha256:7d3f553904b0c5c016d1dad058a7554c7ac4c91a789fca496e7d8347ad040653",
                "sha256:7e1fe19bd6dce69d9fd159d8e4a80a8f52101380d5d3a4d374b6d3eae0e5de9c",
                "sha256:8c3cb8c35ec4d9506979b4cf90ee9918bc2e49f84189d9bf5c36c0c1119c6558",
                "sha256:9d6dd10d49e01571bf6e147d3b505141ffc093a06756c60b053a859cb2128b1f",
                "sha256:be6cfcd8053d13f5f5eeb284aa8a814220c3da1b0078fa859011c7fffd86dab9",
                "sha256:c1bb572fab8208c400adaf06a8133ac0712179a334c09224fb11393e920abcdd",
                "sha256:de4418dadaa1c01d497e539210cb6baa015965526ff5afc078c57ca69160108d",
                "sha256:e05cb4d9aad6233d67e0541caa7e511fa4047ed7750ec2510d466e806e0255d6",
                "sha256:f05a636b4564104120111800021a92e43397bc12a5c72fed7036be8556e0029e",
                "sha256:f3f501f345f24383c0000395b26b726e46758b71393267aeae0bd36f8b3ade80"
            ],
            "index": "pypi",
            "version": "==4.5.1"
        },
        "coverage-badge": {
            "hashes": [
                "sha256:2438cda2143c2a1ecbdc098115209659991ab240384690b37aece6255c0e3668",
                "sha256:6a7e83601e6e233264b810f4aebe4f555f65bebc6a823e2a612e1504aac3f83f"
            ],
            "index": "pypi",
            "version": "==0.2.0"
        },
        "cycler": {
            "hashes": [
                "sha256:1d8a5ae1ff6c5cf9b93e8811e581232ad8920aeec647c37316ceac982b08cb2d",
                "sha256:cd7b2d1018258d7247a71425e9f26463dfb444d411c39569972f4ce586b0c9d8"
            ],
            "version": "==0.10.0"
        },
        "httplib2": {
            "hashes": [
                "sha256:749c32603f9bf16c1277f59531d502e8f1c2ca19901ae653b49c4ed698f0820e",
                "sha256:e0d428dad43c72dbce7d163b7753ffc7a39c097e6788ef10f4198db69b92f08e"
            ],
            "index": "pypi",
            "version": "==0.19.0"
        },
        "idna": {
            "hashes": [
                "sha256:156a6814fb5ac1fc6850fb002e0852d56c0c8d2531923a51032d1b70760e186e",
                "sha256:684a38a6f903c1d71d6d5fac066b58d7768af4de2b832e426ec79c30daa94a16"
            ],
            "index": "pypi",
            "version": "==2.7"
        },
        "karelia": {
            "hashes": [
                "sha256:5a8884e17b71609f43aa752f4cc889d2154e8611c4bf609e1a4aacc51635542c",
                "sha256:a0488c8c94cef0f56533119aaa34eeaf85a953c43197d808fffc7afdfadfc043"
            ],
            "index": "pypi",
            "version": "==2.0.18"
        },
        "kiwisolver": {
            "hashes": [
                "sha256:0cd53f403202159b44528498de18f9285b04482bab2a6fc3f5dd8dbb9352e30d",
                "sha256:1e1bc12fb773a7b2ffdeb8380609f4f8064777877b2225dec3da711b421fda31",
                "sha256:225e2e18f271e0ed8157d7f4518ffbf99b9450fca398d561eb5c4a87d0986dd9",
                "sha256:232c9e11fd7ac3a470d65cd67e4359eee155ec57e822e5220322d7b2ac84fbf0",
                "sha256:31dfd2ac56edc0ff9ac295193eeaea1c0c923c0355bf948fbd99ed6018010b72",
                "sha256:33449715e0101e4d34f64990352bce4095c8bf13bed1b390773fc0a7295967b3",
                "sha256:401a2e9afa8588589775fe34fc22d918ae839aaaf0c0e96441c0fdbce6d8ebe6",
                "sha256:44a62e24d9b01ba94ae7a4a6c3fb215dc4af1dde817e7498d901e229aaf50e4e",
                "sha256:50af681a36b2a1dee1d3c169ade9fdc59207d3c31e522519181e12f1b3ba7000",
                "sha256:563c649cfdef27d081c84e72a03b48ea9408c16657500c312575ae9d9f7bc1c3",
                "sha256:5989db3b3b34b76c09253deeaf7fbc2707616f130e166996606c284395da3f18",
                "sha256:5a7a7dbff17e66fac9142ae2ecafb719393aaee6a3768c9de2fd425c63b53e21",
                "sha256:5c3e6455341008a054cccee8c5d24481bcfe1acdbc9add30aa95798e95c65621",
                "sha256:5f6ccd3dd0b9739edcf407514016108e2280769c73a85b9e59aa390046dbf08b",
                "sha256:72c99e39d005b793fb7d3d4e660aed6b6281b502e8c1eaf8ee8346023c8e03bc",
                "sha256:78751b33595f7f9511952e7e60ce858c6d64db2e062afb325985ddbd34b5c131",
                "sha256:834ee27348c4aefc20b479335fd422a2c69db55f7d9ab61721ac8cd83eb78882",
                "sha256:8be8d84b7d4f2ba4ffff3665bcd0211318aa632395a1a41553250484a871d454",
                "sha256:950a199911a8d94683a6b10321f9345d5a3a8433ec58b217ace979e18f16e248",
                "sha256:a357fd4f15ee49b4a98b44ec23a34a95f1e00292a139d6015c11f55774ef10de",
                "sha256:a53d27d0c2a0ebd07e395e56a1fbdf75ffedc4a05943daf472af163413ce9598",
                "sha256:acef3d59d47dd85ecf909c359d0fd2c81ed33bdff70216d3956b463e12c38a54",
                "sha256:b38694dcdac990a743aa654037ff1188c7a9801ac3ccc548d3341014bc5ca278",
                "sha256:b9edd0110a77fc321ab090aaa1cfcaba1d8499850a12848b81be2222eab648f6",
                "sha256:c08e95114951dc2090c4a630c2385bef681cacf12636fb0241accdc6b303fd81",
                "sha256:c5518d51a0735b1e6cee1fdce66359f8d2b59c3ca85dc2b0813a8aa86818a030",
                "sha256:c8fd0f1ae9d92b42854b2979024d7597685ce4ada367172ed7c09edf2cef9cb8",
                "sha256:ca3820eb7f7faf7f0aa88de0e54681bddcb46e485beb844fcecbcd1c8bd01689",
                "sha256:cf8b574c7b9aa060c62116d4181f3a1a4e821b2ec5cbfe3775809474113748d4",
                "sha256:d3155d828dec1d43283bd24d3d3e0d9c7c350cdfcc0bd06c0ad1209c1bbc36d0",
                "sha256:f8d6f8db88049a699817fd9178782867bf22283e3813064302ac59f61d95be05",
                "sha256:fd34fbbfbc40628200730bc1febe30631347103fc8d3d4fa012c21ab9c11eca9"
            ],
            "version": "==1.3.1"
        },
        "linecache2": {
            "hashes": [
                "sha256:4b26ff4e7110db76eeb6f5a7b64a82623839d595c2038eeda662f2a2db78e97c",
                "sha256:e78be9c0a0dfcbac712fe04fbf92b96cddae80b1b842f24248214c8496f006ef"
            ],
            "version": "==1.0.0"
        },
        "matplotlib": {
            "hashes": [
                "sha256:0f738b57051e8a0f8bc8282031d0a82e9dedbd10a94fd54d4c3830d708607a8b",
                "sha256:0f87d188528ff3c86286603bc13170a5932e631c0c69d9995aae86448a7d9692",
                "sha256:290864f3c69d1e71d6648c9c75093db28486f1bf058b0ab2fda9d2d6814ddf19",
                "sha256:70aba3a1c7dbef5a997db8afe06e256c6b67e1dc15bb16d8b55d140ea5375a8d",
                "sha256:7318d11a4784c3e37f5de0c9141d18eac08565d303da7d3d557662369f2f866b",
                "sha256:77c6edc4e25b36430df8a445195030abc8d5766d068b9aeed1a58a684cc0eb3b",
                "sha256:91669d38938ae7b66db084e444ee5dceed09b59a6622fda10dfb021d5ce6d0dc",
                "sha256:a547edc4d0ce68f3eb397ed8701314f254a0de593045ee0eecad4f1efc664951",
                "sha256:b4e2333c98a7c2c1ff6eb930cd2b57d4b818de5437c5048802096b32f66e65f9",
                "sha256:c99b3908e76de5d1582e6941dc34de086eb38d18539520f4ae4ffa29b8f2644f",
                "sha256:e3acc990b3672132a670b23cc055b967d0aa04183dbc5be82a38a0426ee6d1a6",
                "sha256:eaa8f8248c20eacfade26faf749e248adc1bec1edc2d08b05916297cc76a72bd",
                "sha256:ede6d9676c43844e4994b041ffca08dd157ce171190a8ccb40fed9b377db5653"
            ],
            "index": "pypi",
            "version": "==3.0.0"
        },
        "numpy": {
            "hashes": [
                "sha256:1b1cf8f7300cf7b11ddb4250b3898c711a6187df05341b5b7153db23ffe5d498",
                "sha256:27a0d018f608a3fe34ac5e2b876f4c23c47e38295c47dd0775cc294cd2614bc1",
                "sha256:3fde172e28c899580d32dc21cb6d4a1225d62362f61050b654545c662eac215a",
                "sha256:497d7c86df4f85eb03b7f58a7dd0f8b948b1f582e77629341f624ba301b4d204",
                "sha256:4e28e66cf80c09a628ae680efeb0aa9a066eb4bb7db2a5669024c5b034891576",
                "sha256:58be95faf0ca2d886b5b337e7cba2923e3ad1224b806a91223ea39f1e0c77d03",
                "sha256:5b4dfb6551eaeaf532054e2c6ef4b19c449c2e3a709ebdde6392acb1372ecabc",
                "sha256:63f833a7c622e9082df3cbaf03b4fd92d7e0c11e2f9d87cb57dbf0e84441964b",
                "sha256:71bf3b7ca15b1967bba3a1ef6a8e87286382a8b5e46ac76b42a02fe787c5237d",
                "sha256:733dc5d47e71236263837825b69c975bc08728ae638452b34aeb1d6fa347b780",
                "sha256:82f00a1e2695a0e5b89879aa25ea614530b8ebdca6d49d4834843d498e8a5e92",
                "sha256:866bf72b9c3bfabe4476d866c70ee1714ad3e2f7b7048bb934892335e7b6b1f7",
                "sha256:8aeac8b08f4b8c52129518efcd93706bb6d506ccd17830b67d18d0227cf32d9e",
                "sha256:8d2cfb0aef7ec8759736cce26946efa084cdf49797712333539ef7d135e0295e",
                "sha256:981224224bbf44d95278eb37996162e8beb6f144d2719b144e86dfe2fce6c510",
                "sha256:981daff58fa3985a26daa4faa2b726c4e7a1d45178100125c0e1fdaf2ac64978",
                "sha256:9ad36dbfdbb0cba90a08e7343fadf86f43cf6d87450e8d2b5d71d7c7202907e4",
                "sha256:a251570bb3cb04f1627f23c234ad09af0e54fc8194e026cf46178f2e5748d647",
                "sha256:b5ff7dae352fd9e1edddad1348698e9fea14064460a7e39121ef9526745802e6",
                "sha256:c898f9cca806102fcacb6309899743aa39efb2ad2a302f4c319f54db9f05cd84",
                "sha256:cf4b970042ce148ad8dce4369c02a4078b382dadf20067ce2629c239d76460d1",
                "sha256:d1569013e8cc8f37e9769d19effdd85e404c976cd0ca28a94e3ddc026c216ae8",
                "sha256:dca261e85fe0d34b2c242ecb31c9ab693509af2cf955d9caf01ee3ef3669abd0",
                "sha256:ec8bf53ef7c92c99340972519adbe122e82c81d5b87cbd955c74ba8a8cd2a4ad",
                "sha256:f2e55726a9ee2e8129d6ce6abb466304868051bcc7a09d652b3b07cd86e801a2",
                "sha256:f4dee74f2626c783a3804df9191e9008946a104d5a284e52427a53ff576423cb",
                "sha256:f592fd7fe1f20b5041928cce1330937eca62f9058cb41e69c2c2d83cffc0d1e3",
                "sha256:ffab5b80bba8c86251291b8ce2e6c99a61446459d4c6637f5d5cc8c9ce37c972"
            ],
            "index": "pypi",
            "version": "==1.15.2"
        },
        "pushover": {
            "git": "https://github.com/Wyattjoh/pushover",
            "ref": "5852545c5b9cf2717e1eafc4c8b134a08b0994da"
        },
        "pygments": {
            "hashes": [
                "sha256:bc9591213a8f0e0ca1a5e68a479b4887fdc3e75d0774e5c71c31920c427de435",
                "sha256:df49d09b498e83c1a73128295860250b0b7edd4c723a32e9bc0d295c7c2ec337"
            ],
            "version": "==2.7.4"
        },
        "pygount": {
            "hashes": [
                "sha256:8f1f89ed152b70f4b3553cf855cc4179d55d13858a6aaf46dcc213bbcde2d560"
            ],
            "index": "pypi",
            "version": "==1.0.0"
        },
        "pyimgur": {
            "hashes": [
                "sha256:ad22deea062fe8e7412d0bdfc70cbf305a828c6390096d3523ed3d7dbeb2bdff",
                "sha256:f776ca7f14663bd9ac14a1380db62c87ed32231d159d2d167ad1cb817dcb9144"
            ],
            "index": "pypi",
            "version": "==0.6.0"
        },
        "pylint-badge": {
            "git": "https://github.com/pouncysilverkitten/pylint-badge",
            "ref": "70d4117f554db9f6c5b65c9f71d9e75341ca731c"
        },
        "pyparsing": {
            "hashes": [
                "sha256:c203ec8783bf771a155b207279b9bccb8dea02d8f0c9e5f8ead507bc3246ecc1",
                "sha256:ef9d7589ef3c200abe66653d3f1ab1033c3c419ae9b9bdb1240a85b024efc88b"
            ],
            "version": "==2.4.7"
        },
        "python-dateutil": {
            "hashes": [
                "sha256:73ebfe9dbf22e832286dafa60473e4cd239f8592f699aa5adaf10050e6e1823c",
                "sha256:75bb3f31ea686f1197762692a9ee6a7550b59fc6ca3a1f4b5d7e32fb98e2da2a"
            ],
            "version": "==2.8.1"
        },
        "requests": {
            "hashes": [
                "sha256:63b52e3c866428a224f97cab011de738c36aec0185aa91cfacd418b5d58911d1",
                "sha256:ec22d826a36ed72a7358ff3fe56cbd4ba69dd7a6718ffd450ff0e9df7a47ce6a"
            ],
            "index": "pypi",
            "version": "==2.19.1"
        },
        "six": {
            "hashes": [
                "sha256:30639c035cdb23534cd4aa2dd52c3bf48f06e5f4a941509c8bafd8ce11080259",
                "sha256:8b74bedcbbbaca38ff6d7491d76f2b06b3592611af620f8426e82dddb04a5ced"
            ],
            "version": "==1.15.0"
        },
        "traceback2": {
            "hashes": [
                "sha256:05acc67a09980c2ecfedd3423f7ae0104839eccb55fc645773e1caa0951c3030",
                "sha256:8253cebec4b19094d67cc5ed5af99bf1dba1285292226e98a31929f87a5d6b23"
            ],
            "version": "==1.4.0"
        },
        "unittest-xml-reporting": {
            "hashes": [
                "sha256:2a4277894ba8b311bc9aed9fed8a7f7690c81d390666fadd4e3e46a66489c016",
                "sha256:3ba27af788bddb4403ee72561bfd3df2deb27a926a5426aa9beeb354c59b9c44"
            ],
            "index": "pypi",
            "version": "==2.2.0"
        },
        "unittest2": {
            "hashes": [
                "sha256:13f77d0875db6d9b435e1d4f41e74ad4cc2eb6e1d5c824996092b3430f088bb8",
                "sha256:22882a0e418c284e1f718a822b3b022944d53d2d908e1690b319a9d3eb2c0579"
            ],
            "index": "pypi",
            "version": "==1.1.0"
        },
        "uritools": {
            "hashes": [
                "sha256:405917a31ce58a57c8ccd0e4ea290f38baf2f4823819c3688f5331f1aee4ccb0",
                "sha256:5ba20a5de979a6a65b3d55998bee86ca1d97075d0f22923b85590b5e39c2b307"
            ],
            "version": "==3.0.0"
        },
        "urlextract": {
            "hashes": [
                "sha256:be0ac200746bf87d3ccb024d74fe497dbc35bf8ce7f942f78fdf6cc2454787cc"
            ],
            "index": "pypi",
            "version": "==0.8.3"
        },
        "urllib3": {
            "hashes": [
                "sha256:a68ac5e15e76e7e5dd2b8f94007233e01effe3e50e8daddf69acfd81cb686baf",
                "sha256:b5725a0bd4ba422ab0e66e89e030c806576753ea3ee08554382c14e685d117b5"
            ],
            "version": "==1.23"
        },
        "websocket-client": {
            "hashes": [
                "sha256:c42b71b68f9ef151433d6dcc6a7cb98ac72d2ad1e3a74981ca22bc5d9134f166",
                "sha256:f5889b1d0a994258cfcbc8f2dc3e457f6fc7b32a8d74873033d12e4eab4bdf63"
            ],
            "index": "pypi",
            "version": "==0.53.0"
        }
    },
    "develop": {}
}
